
Microsoft Visual Studio Solution File, Format Version 12.00
# Visual Studio Version 17
VisualStudioVersion = 17.3.32804.467
MinimumVisualStudioVersion = 10.0.40219.1
Project("{FAE04EC0-301F-11D3-BF4B-00C04F79EFBC}") = "Hourglass", "Hourglass\Hourglass.csproj", "{91DD59A1-03EE-45D3-A4B1-0737D1A06C71}"
EndProject
Global
	GlobalSection(SolutionConfigurationPlatforms) = preSolution
		Debug|Any CPU = Debug|Any CPU
		Release|Any CPU = Release|Any CPU
	EndGlobalSection
	GlobalSection(ProjectConfigurationPlatforms) = postSolution
		{91DD59A1-03EE-45D3-A4B1-0737D1A06C71}.Debug|Any CPU.ActiveCfg = Debug|Any CPU
		{91DD59A1-03EE-45D3-A4B1-0737D1A06C71}.Debug|Any CPU.Build.0 = Debug|Any CPU
		{91DD59A1-03EE-45D3-A4B1-0737D1A06C71}.Release|Any CPU.ActiveCfg = Release|Any CPU
		{91DD59A1-03EE-45D3-A4B1-0737D1A06C71}.Release|Any CPU.Build.0 = Release|Any CPU
	EndGlobalSection
	GlobalSection(SolutionProperties) = preSolution
		HideSolutionNode = FALSE
	EndGlobalSection
	GlobalSection(ExtensibilityGlobals) = postSolution
		SolutionGuid = {75F67AF3-B2E0-4BA1-995F-F6E3379CBC66}
	EndGlobalSection
EndGlobal
